// !$*UTF8*$!
{
	archiveVersion = 1;
	classes = {
	};
	objectVersion = 46;
	objects = {

/* Begin PBXBuildFile section */
		5C0E913217981361007045AE /* RSCConstants.m in Sources */ = {isa = PBXBuildFile; fileRef = 5C0E913117981361007045AE /* RSCConstants.m */; };
		5C5DCFC217997D0B00CFBF2F /* OctoKit.framework in CopyFiles */ = {isa = PBXBuildFile; fileRef = 5C5DCFC117997D0B00CFBF2F /* OctoKit.framework */; };
		5C5DCFC417997D1B00CFBF2F /* ReactiveCocoa.framework in CopyFiles */ = {isa = PBXBuildFile; fileRef = 5C5DCFC317997D1B00CFBF2F /* ReactiveCocoa.framework */; };
		5C5DCFC617997D2800CFBF2F /* Mantle.framework in CopyFiles */ = {isa = PBXBuildFile; fileRef = 5C5DCFC517997D2800CFBF2F /* Mantle.framework */; };
		5CC8CEC3179A2BB20046440C /* OctoKit.framework in Frameworks */ = {isa = PBXBuildFile; fileRef = 5C5DCFC117997D0B00CFBF2F /* OctoKit.framework */; };
		5CC8CEC4179A2BBB0046440C /* Mantle.framework in Frameworks */ = {isa = PBXBuildFile; fileRef = 5C5DCFC517997D2800CFBF2F /* Mantle.framework */; };
		5CC8CEC5179A2BBE0046440C /* ReactiveCocoa.framework in Frameworks */ = {isa = PBXBuildFile; fileRef = 5C5DCFC317997D1B00CFBF2F /* ReactiveCocoa.framework */; };
		D6278D5A14C05B6E00CD37A4 /* Cocoa.framework in Frameworks */ = {isa = PBXBuildFile; fileRef = D6278D5914C05B6E00CD37A4 /* Cocoa.framework */; };
		D6278D6414C05B6E00CD37A4 /* InfoPlist.strings in Resources */ = {isa = PBXBuildFile; fileRef = D6278D6214C05B6E00CD37A4 /* InfoPlist.strings */; };
		D6278D6614C05B6E00CD37A4 /* main.m in Sources */ = {isa = PBXBuildFile; fileRef = D6278D6514C05B6E00CD37A4 /* main.m */; };
		D6278D6A14C05B6E00CD37A4 /* Credits.rtf in Resources */ = {isa = PBXBuildFile; fileRef = D6278D6814C05B6E00CD37A4 /* Credits.rtf */; };
		D6278D6D14C05B6E00CD37A4 /* RSCAppDelegate.m in Sources */ = {isa = PBXBuildFile; fileRef = D6278D6C14C05B6E00CD37A4 /* RSCAppDelegate.m */; };
		D6278D7014C05B6E00CD37A4 /* MainMenu.xib in Resources */ = {isa = PBXBuildFile; fileRef = D6278D6E14C05B6E00CD37A4 /* MainMenu.xib */; };
		D671529514CD9CB90012024C /* NSDate+Format.m in Sources */ = {isa = PBXBuildFile; fileRef = D671529414CD9CB90012024C /* NSDate+Format.m */; settings = {COMPILER_FLAGS = "-fno-objc-arc"; }; };
		D672CA1614D1D35B00402380 /* RSCPreferencesView.xib in Resources */ = {isa = PBXBuildFile; fileRef = D672CA1514D1D35B00402380 /* RSCPreferencesView.xib */; };
		D672CA1914D1D37500402380 /* RSCPreferencesController.m in Sources */ = {isa = PBXBuildFile; fileRef = D672CA1814D1D37500402380 /* RSCPreferencesController.m */; };
		D6DFC16214C0629700CE3F27 /* RSCGitCloner.m in Sources */ = {isa = PBXBuildFile; fileRef = D6DFC16114C0629700CE3F27 /* RSCGitCloner.m */; };
		D6DFC16714C0849000CE3F27 /* RSCSettings.m in Sources */ = {isa = PBXBuildFile; fileRef = D6DFC16614C0849000CE3F27 /* RSCSettings.m */; };
/* End PBXBuildFile section */

/* Begin PBXCopyFilesBuildPhase section */
		5CC4464D1799797C0003D057 /* CopyFiles */ = {
			isa = PBXCopyFilesBuildPhase;
			buildActionMask = 2147483647;
			dstPath = "";
			dstSubfolderSpec = 7;
			files = (
			);
			runOnlyForDeploymentPostprocessing = 0;
		};
		D6DFC14714C05ED000CE3F27 /* CopyFiles */ = {
			isa = PBXCopyFilesBuildPhase;
			buildActionMask = 2147483647;
			dstPath = "";
			dstSubfolderSpec = 10;
			files = (
				5C5DCFC217997D0B00CFBF2F /* OctoKit.framework in CopyFiles */,
				5C5DCFC417997D1B00CFBF2F /* ReactiveCocoa.framework in CopyFiles */,
				5C5DCFC617997D2800CFBF2F /* Mantle.framework in CopyFiles */,
			);
			runOnlyForDeploymentPostprocessing = 0;
		};
/* End PBXCopyFilesBuildPhase section */

/* Begin PBXFileReference section */
		5C0E913117981361007045AE /* RSCConstants.m */ = {isa = PBXFileReference; fileEncoding = 4; indentWidth = 4; lastKnownFileType = sourcecode.c.objc; path = RSCConstants.m; sourceTree = "<group>"; tabWidth = 4; };
		5C5DCFC117997D0B00CFBF2F /* OctoKit.framework */ = {isa = PBXFileReference; explicitFileType = wrapper.framework; path = OctoKit.framework; sourceTree = BUILT_PRODUCTS_DIR; };
		5C5DCFC317997D1B00CFBF2F /* ReactiveCocoa.framework */ = {isa = PBXFileReference; explicitFileType = wrapper.framework; path = ReactiveCocoa.framework; sourceTree = BUILT_PRODUCTS_DIR; };
		5C5DCFC517997D2800CFBF2F /* Mantle.framework */ = {isa = PBXFileReference; explicitFileType = wrapper.framework; path = Mantle.framework; sourceTree = BUILT_PRODUCTS_DIR; };
		D6278D5514C05B6E00CD37A4 /* Cloner.app */ = {isa = PBXFileReference; explicitFileType = wrapper.application; includeInIndex = 0; path = Cloner.app; sourceTree = BUILT_PRODUCTS_DIR; };
		D6278D5914C05B6E00CD37A4 /* Cocoa.framework */ = {isa = PBXFileReference; lastKnownFileType = wrapper.framework; name = Cocoa.framework; path = System/Library/Frameworks/Cocoa.framework; sourceTree = SDKROOT; };
		D6278D5C14C05B6E00CD37A4 /* AppKit.framework */ = {isa = PBXFileReference; lastKnownFileType = wrapper.framework; name = AppKit.framework; path = System/Library/Frameworks/AppKit.framework; sourceTree = SDKROOT; };
		D6278D5D14C05B6E00CD37A4 /* CoreData.framework */ = {isa = PBXFileReference; lastKnownFileType = wrapper.framework; name = CoreData.framework; path = System/Library/Frameworks/CoreData.framework; sourceTree = SDKROOT; };
		D6278D5E14C05B6E00CD37A4 /* Foundation.framework */ = {isa = PBXFileReference; lastKnownFileType = wrapper.framework; name = Foundation.framework; path = System/Library/Frameworks/Foundation.framework; sourceTree = SDKROOT; };
		D6278D6114C05B6E00CD37A4 /* Clone-Info.plist */ = {isa = PBXFileReference; lastKnownFileType = text.plist.xml; path = "Clone-Info.plist"; sourceTree = "<group>"; };
		D6278D6314C05B6E00CD37A4 /* en */ = {isa = PBXFileReference; lastKnownFileType = text.plist.strings; name = en; path = en.lproj/InfoPlist.strings; sourceTree = "<group>"; };
		D6278D6514C05B6E00CD37A4 /* main.m */ = {isa = PBXFileReference; indentWidth = 4; lastKnownFileType = sourcecode.c.objc; path = main.m; sourceTree = "<group>"; tabWidth = 4; };
		D6278D6714C05B6E00CD37A4 /* Clone-Prefix.pch */ = {isa = PBXFileReference; lastKnownFileType = sourcecode.c.h; path = "Clone-Prefix.pch"; sourceTree = "<group>"; };
		D6278D6914C05B6E00CD37A4 /* en */ = {isa = PBXFileReference; lastKnownFileType = text.rtf; name = en; path = en.lproj/Credits.rtf; sourceTree = "<group>"; };
		D6278D6B14C05B6E00CD37A4 /* RSCAppDelegate.h */ = {isa = PBXFileReference; indentWidth = 4; lastKnownFileType = sourcecode.c.h; path = RSCAppDelegate.h; sourceTree = "<group>"; tabWidth = 4; };
		D6278D6C14C05B6E00CD37A4 /* RSCAppDelegate.m */ = {isa = PBXFileReference; indentWidth = 4; lastKnownFileType = sourcecode.c.objc; path = RSCAppDelegate.m; sourceTree = "<group>"; tabWidth = 4; };
		D6278D6F14C05B6E00CD37A4 /* en */ = {isa = PBXFileReference; lastKnownFileType = file.xib; name = en; path = en.lproj/MainMenu.xib; sourceTree = "<group>"; };
		D671529214CD9CB90012024C /* DLog.h */ = {isa = PBXFileReference; fileEncoding = 4; indentWidth = 4; lastKnownFileType = sourcecode.c.h; path = DLog.h; sourceTree = "<group>"; tabWidth = 4; };
		D671529314CD9CB90012024C /* NSDate+Format.h */ = {isa = PBXFileReference; fileEncoding = 4; indentWidth = 4; lastKnownFileType = sourcecode.c.h; path = "NSDate+Format.h"; sourceTree = "<group>"; tabWidth = 4; };
		D671529414CD9CB90012024C /* NSDate+Format.m */ = {isa = PBXFileReference; fileEncoding = 4; indentWidth = 4; lastKnownFileType = sourcecode.c.objc; path = "NSDate+Format.m"; sourceTree = "<group>"; tabWidth = 4; };
		D672CA1514D1D35B00402380 /* RSCPreferencesView.xib */ = {isa = PBXFileReference; fileEncoding = 4; lastKnownFileType = file.xib; path = RSCPreferencesView.xib; sourceTree = "<group>"; };
		D672CA1714D1D37500402380 /* RSCPreferencesController.h */ = {isa = PBXFileReference; fileEncoding = 4; indentWidth = 4; lastKnownFileType = sourcecode.c.h; path = RSCPreferencesController.h; sourceTree = "<group>"; tabWidth = 4; };
		D672CA1814D1D37500402380 /* RSCPreferencesController.m */ = {isa = PBXFileReference; fileEncoding = 4; indentWidth = 4; lastKnownFileType = sourcecode.c.objc; path = RSCPreferencesController.m; sourceTree = "<group>"; tabWidth = 4; };
		D6DFC16014C0629700CE3F27 /* RSCGitCloner.h */ = {isa = PBXFileReference; fileEncoding = 4; indentWidth = 4; lastKnownFileType = sourcecode.c.h; name = RSCGitCloner.h; path = Models/RSCGitCloner.h; sourceTree = "<group>"; tabWidth = 4; };
		D6DFC16114C0629700CE3F27 /* RSCGitCloner.m */ = {isa = PBXFileReference; fileEncoding = 4; indentWidth = 4; lastKnownFileType = sourcecode.c.objc; name = RSCGitCloner.m; path = Models/RSCGitCloner.m; sourceTree = "<group>"; tabWidth = 4; };
		D6DFC16314C072F000CE3F27 /* RSCConstants.h */ = {isa = PBXFileReference; fileEncoding = 4; indentWidth = 4; lastKnownFileType = sourcecode.c.h; path = RSCConstants.h; sourceTree = "<group>"; tabWidth = 4; };
		D6DFC16514C0849000CE3F27 /* RSCSettings.h */ = {isa = PBXFileReference; fileEncoding = 4; indentWidth = 4; lastKnownFileType = sourcecode.c.h; path = RSCSettings.h; sourceTree = "<group>"; tabWidth = 4; };
		D6DFC16614C0849000CE3F27 /* RSCSettings.m */ = {isa = PBXFileReference; fileEncoding = 4; indentWidth = 4; lastKnownFileType = sourcecode.c.objc; path = RSCSettings.m; sourceTree = "<group>"; tabWidth = 4; };
/* End PBXFileReference section */

/* Begin PBXFrameworksBuildPhase section */
		D6278D5214C05B6E00CD37A4 /* Frameworks */ = {
			isa = PBXFrameworksBuildPhase;
			buildActionMask = 2147483647;
			files = (
				D6278D5A14C05B6E00CD37A4 /* Cocoa.framework in Frameworks */,
				5CC8CEC3179A2BB20046440C /* OctoKit.framework in Frameworks */,
				5CC8CEC4179A2BBB0046440C /* Mantle.framework in Frameworks */,
				5CC8CEC5179A2BBE0046440C /* ReactiveCocoa.framework in Frameworks */,
			);
			runOnlyForDeploymentPostprocessing = 0;
		};
/* End PBXFrameworksBuildPhase section */

/* Begin PBXGroup section */
		D6278D4A14C05B6E00CD37A4 = {
			isa = PBXGroup;
			children = (
				D6DFC14914C05EF600CE3F27 /* Ext */,
				D6278D5F14C05B6E00CD37A4 /* Clone */,
				D6278D5814C05B6E00CD37A4 /* Frameworks */,
				D6278D5614C05B6E00CD37A4 /* Products */,
			);
			sourceTree = "<group>";
		};
		D6278D5614C05B6E00CD37A4 /* Products */ = {
			isa = PBXGroup;
			children = (
				D6278D5514C05B6E00CD37A4 /* Cloner.app */,
			);
			name = Products;
			sourceTree = "<group>";
		};
		D6278D5814C05B6E00CD37A4 /* Frameworks */ = {
			isa = PBXGroup;
			children = (
				5C5DCFC517997D2800CFBF2F /* Mantle.framework */,
				5C5DCFC317997D1B00CFBF2F /* ReactiveCocoa.framework */,
				5C5DCFC117997D0B00CFBF2F /* OctoKit.framework */,
				D6278D5914C05B6E00CD37A4 /* Cocoa.framework */,
				D6278D5B14C05B6E00CD37A4 /* Other Frameworks */,
			);
			name = Frameworks;
			sourceTree = "<group>";
		};
		D6278D5B14C05B6E00CD37A4 /* Other Frameworks */ = {
			isa = PBXGroup;
			children = (
				D6278D5C14C05B6E00CD37A4 /* AppKit.framework */,
				D6278D5D14C05B6E00CD37A4 /* CoreData.framework */,
				D6278D5E14C05B6E00CD37A4 /* Foundation.framework */,
			);
			name = "Other Frameworks";
			sourceTree = "<group>";
		};
		D6278D5F14C05B6E00CD37A4 /* Clone */ = {
			isa = PBXGroup;
			children = (
				D672CA1414D1D33A00402380 /* Preferences */,
				D6278D7C14C05CA100CD37A4 /* Models */,
				D6278D6B14C05B6E00CD37A4 /* RSCAppDelegate.h */,
				D6278D6C14C05B6E00CD37A4 /* RSCAppDelegate.m */,
				D6278D6E14C05B6E00CD37A4 /* MainMenu.xib */,
				D6278D6014C05B6E00CD37A4 /* Supporting Files */,
			);
			path = Clone;
			sourceTree = "<group>";
		};
		D6278D6014C05B6E00CD37A4 /* Supporting Files */ = {
			isa = PBXGroup;
			children = (
				D6278D6114C05B6E00CD37A4 /* Clone-Info.plist */,
				D6278D6714C05B6E00CD37A4 /* Clone-Prefix.pch */,
				D6278D6814C05B6E00CD37A4 /* Credits.rtf */,
				D6278D6214C05B6E00CD37A4 /* InfoPlist.strings */,
				D6278D6514C05B6E00CD37A4 /* main.m */,
				D6DFC16314C072F000CE3F27 /* RSCConstants.h */,
				5C0E913117981361007045AE /* RSCConstants.m */,
				D6DFC16514C0849000CE3F27 /* RSCSettings.h */,
				D6DFC16614C0849000CE3F27 /* RSCSettings.m */,
			);
			name = "Supporting Files";
			sourceTree = "<group>";
		};
		D6278D7C14C05CA100CD37A4 /* Models */ = {
			isa = PBXGroup;
			children = (
				D6DFC16014C0629700CE3F27 /* RSCGitCloner.h */,
				D6DFC16114C0629700CE3F27 /* RSCGitCloner.m */,
			);
			name = Models;
			sourceTree = "<group>";
		};
		D671529114CD9CB90012024C /* DLog */ = {
			isa = PBXGroup;
			children = (
				D671529214CD9CB90012024C /* DLog.h */,
				D671529314CD9CB90012024C /* NSDate+Format.h */,
				D671529414CD9CB90012024C /* NSDate+Format.m */,
			);
			path = DLog;
			sourceTree = "<group>";
		};
		D672CA1414D1D33A00402380 /* Preferences */ = {
			isa = PBXGroup;
			children = (
				D672CA1514D1D35B00402380 /* RSCPreferencesView.xib */,
				D672CA1714D1D37500402380 /* RSCPreferencesController.h */,
				D672CA1814D1D37500402380 /* RSCPreferencesController.m */,
			);
			name = Preferences;
			sourceTree = "<group>";
		};
		D6DFC14914C05EF600CE3F27 /* Ext */ = {
			isa = PBXGroup;
			children = (
				D671529114CD9CB90012024C /* DLog */,
			);
			name = Ext;
			path = ext;
			sourceTree = "<group>";
		};
/* End PBXGroup section */

/* Begin PBXNativeTarget section */
		D6278D5414C05B6E00CD37A4 /* Cloner */ = {
			isa = PBXNativeTarget;
			buildConfigurationList = D6278D7314C05B6E00CD37A4 /* Build configuration list for PBXNativeTarget "Cloner" */;
			buildPhases = (
				D6278D5114C05B6E00CD37A4 /* Sources */,
				D6278D5214C05B6E00CD37A4 /* Frameworks */,
				D6278D5314C05B6E00CD37A4 /* Resources */,
				D6DFC14714C05ED000CE3F27 /* CopyFiles */,
				5CC4464D1799797C0003D057 /* CopyFiles */,
			);
			buildRules = (
			);
			dependencies = (
			);
			name = Cloner;
			productName = Clone;
			productReference = D6278D5514C05B6E00CD37A4 /* Cloner.app */;
			productType = "com.apple.product-type.application";
		};
/* End PBXNativeTarget section */

/* Begin PBXProject section */
		D6278D4C14C05B6E00CD37A4 /* Project object */ = {
			isa = PBXProject;
			attributes = {
				LastUpgradeCheck = 0500;
				ORGANIZATIONNAME = "roobasoft, LLC";
			};
			buildConfigurationList = D6278D4F14C05B6E00CD37A4 /* Build configuration list for PBXProject "Clone" */;
			compatibilityVersion = "Xcode 3.2";
			developmentRegion = English;
			hasScannedForEncodings = 0;
			knownRegions = (
				en,
			);
			mainGroup = D6278D4A14C05B6E00CD37A4;
			productRefGroup = D6278D5614C05B6E00CD37A4 /* Products */;
			projectDirPath = "";
			projectRoot = "";
			targets = (
				D6278D5414C05B6E00CD37A4 /* Cloner */,
			);
		};
/* End PBXProject section */

/* Begin PBXResourcesBuildPhase section */
		D6278D5314C05B6E00CD37A4 /* Resources */ = {
			isa = PBXResourcesBuildPhase;
			buildActionMask = 2147483647;
			files = (
				D6278D6414C05B6E00CD37A4 /* InfoPlist.strings in Resources */,
				D6278D6A14C05B6E00CD37A4 /* Credits.rtf in Resources */,
				D6278D7014C05B6E00CD37A4 /* MainMenu.xib in Resources */,
				D672CA1614D1D35B00402380 /* RSCPreferencesView.xib in Resources */,
			);
			runOnlyForDeploymentPostprocessing = 0;
		};
/* End PBXResourcesBuildPhase section */

/* Begin PBXSourcesBuildPhase section */
		D6278D5114C05B6E00CD37A4 /* Sources */ = {
			isa = PBXSourcesBuildPhase;
			buildActionMask = 2147483647;
			files = (
				5C0E913217981361007045AE /* RSCConstants.m in Sources */,
				D6278D6614C05B6E00CD37A4 /* main.m in Sources */,
				D6278D6D14C05B6E00CD37A4 /* RSCAppDelegate.m in Sources */,
				D6DFC16214C0629700CE3F27 /* RSCGitCloner.m in Sources */,
				D6DFC16714C0849000CE3F27 /* RSCSettings.m in Sources */,
				D671529514CD9CB90012024C /* NSDate+Format.m in Sources */,
				D672CA1914D1D37500402380 /* RSCPreferencesController.m in Sources */,
			);
			runOnlyForDeploymentPostprocessing = 0;
		};
/* End PBXSourcesBuildPhase section */

/* Begin PBXVariantGroup section */
		D6278D6214C05B6E00CD37A4 /* InfoPlist.strings */ = {
			isa = PBXVariantGroup;
			children = (
				D6278D6314C05B6E00CD37A4 /* en */,
			);
			name = InfoPlist.strings;
			sourceTree = "<group>";
		};
		D6278D6814C05B6E00CD37A4 /* Credits.rtf */ = {
			isa = PBXVariantGroup;
			children = (
				D6278D6914C05B6E00CD37A4 /* en */,
			);
			name = Credits.rtf;
			sourceTree = "<group>";
		};
		D6278D6E14C05B6E00CD37A4 /* MainMenu.xib */ = {
			isa = PBXVariantGroup;
			children = (
				D6278D6F14C05B6E00CD37A4 /* en */,
			);
			name = MainMenu.xib;
			sourceTree = "<group>";
		};
/* End PBXVariantGroup section */

/* Begin XCBuildConfiguration section */
		D6278D7114C05B6E00CD37A4 /* Debug */ = {
			isa = XCBuildConfiguration;
			buildSettings = {
				ALWAYS_SEARCH_USER_PATHS = NO;
				ARCHS = "$(ARCHS_STANDARD_64_BIT)";
				CLANG_ENABLE_OBJC_ARC = YES;
				CLANG_WARN_BOOL_CONVERSION = YES;
				CLANG_WARN_CONSTANT_CONVERSION = YES;
				CLANG_WARN_EMPTY_BODY = YES;
				CLANG_WARN_ENUM_CONVERSION = YES;
				CLANG_WARN_INT_CONVERSION = YES;
				CLANG_WARN_OBJC_MISSING_PROPERTY_SYNTHESIS = NO;
				CLANG_WARN__DUPLICATE_METHOD_MATCH = YES;
				COPY_PHASE_STRIP = NO;
				GCC_C_LANGUAGE_STANDARD = gnu99;
				GCC_DYNAMIC_NO_PIC = NO;
				GCC_ENABLE_OBJC_EXCEPTIONS = YES;
				GCC_OPTIMIZATION_LEVEL = 0;
				GCC_PREPROCESSOR_DEFINITIONS = (
					"DEBUG=1",
					"$(inherited)",
				);
				GCC_SYMBOLS_PRIVATE_EXTERN = NO;
				GCC_VERSION = "";
				GCC_WARN_64_TO_32_BIT_CONVERSION = YES;
				GCC_WARN_ABOUT_MISSING_PROTOTYPES = YES;
				GCC_WARN_ABOUT_RETURN_TYPE = YES;
				GCC_WARN_UNDECLARED_SELECTOR = YES;
				GCC_WARN_UNINITIALIZED_AUTOS = YES;
				GCC_WARN_UNUSED_FUNCTION = YES;
				GCC_WARN_UNUSED_VARIABLE = YES;
				HEADER_SEARCH_PATHS = (
					"$(BUILD_ROOT)/../IntermediateBuildFilesPath/UninstalledProducts/include",
					"$(inherited)",
				);
				MACOSX_DEPLOYMENT_TARGET = 10.8;
				ONLY_ACTIVE_ARCH = YES;
				SDKROOT = macosx;
				VALID_ARCHS = x86_64;
			};
			name = Debug;
		};
		D6278D7214C05B6E00CD37A4 /* Release */ = {
			isa = XCBuildConfiguration;
			buildSettings = {
				ALWAYS_SEARCH_USER_PATHS = NO;
				ARCHS = "$(ARCHS_STANDARD_64_BIT)";
				CLANG_ENABLE_OBJC_ARC = YES;
				CLANG_WARN_BOOL_CONVERSION = YES;
				CLANG_WARN_CONSTANT_CONVERSION = YES;
				CLANG_WARN_EMPTY_BODY = YES;
				CLANG_WARN_ENUM_CONVERSION = YES;
				CLANG_WARN_INT_CONVERSION = YES;
				CLANG_WARN_OBJC_MISSING_PROPERTY_SYNTHESIS = NO;
				CLANG_WARN__DUPLICATE_METHOD_MATCH = YES;
				COPY_PHASE_STRIP = YES;
				DEBUG_INFORMATION_FORMAT = "dwarf-with-dsym";
				GCC_C_LANGUAGE_STANDARD = gnu99;
				GCC_ENABLE_OBJC_EXCEPTIONS = YES;
				GCC_VERSION = "";
				GCC_WARN_64_TO_32_BIT_CONVERSION = YES;
				GCC_WARN_ABOUT_MISSING_PROTOTYPES = YES;
				GCC_WARN_ABOUT_RETURN_TYPE = YES;
				GCC_WARN_UNDECLARED_SELECTOR = YES;
				GCC_WARN_UNINITIALIZED_AUTOS = YES;
				GCC_WARN_UNUSED_FUNCTION = YES;
				GCC_WARN_UNUSED_VARIABLE = YES;
				HEADER_SEARCH_PATHS = (
					"$(BUILD_ROOT)/../IntermediateBuildFilesPath/UninstalledProducts/include",
					"$(inherited)",
				);
				MACOSX_DEPLOYMENT_TARGET = 10.8;
				SDKROOT = macosx;
				VALID_ARCHS = x86_64;
			};
			name = Release;
		};
		D6278D7414C05B6E00CD37A4 /* Debug */ = {
			isa = XCBuildConfiguration;
			buildSettings = {
				CODE_SIGN_IDENTITY = "";
				COMBINE_HIDPI_IMAGES = YES;
				GCC_PRECOMPILE_PREFIX_HEADER = YES;
				GCC_PREFIX_HEADER = "Clone/Clone-Prefix.pch";
				INFOPLIST_FILE = "Clone/Clone-Info.plist";
				OTHER_CFLAGS = (
					"-Wall",
					"-Werror",
				);
				PRODUCT_NAME = "$(TARGET_NAME)";
				WRAPPER_EXTENSION = app;
			};
			name = Debug;
		};
		D6278D7514C05B6E00CD37A4 /* Release */ = {
			isa = XCBuildConfiguration;
			buildSettings = {
				CODE_SIGN_IDENTITY = "";
				COMBINE_HIDPI_IMAGES = YES;
				GCC_PRECOMPILE_PREFIX_HEADER = YES;
				GCC_PREFIX_HEADER = "Clone/Clone-Prefix.pch";
				INFOPLIST_FILE = "Clone/Clone-Info.plist";
				OTHER_CFLAGS = (
					"-Wall",
					"-Werror",
				);
				PRODUCT_NAME = "$(TARGET_NAME)";
				WRAPPER_EXTENSION = app;
			};
			name = Release;
		};
/* End XCBuildConfiguration section */

/* Begin XCConfigurationList section */
		D6278D4F14C05B6E00CD37A4 /* Build configuration list for PBXProject "Clone" */ = {
			isa = XCConfigurationList;
			buildConfigurations = (
				D6278D7114C05B6E00CD37A4 /* Debug */,
				D6278D7214C05B6E00CD37A4 /* Release */,
			);
			defaultConfigurationIsVisible = 0;
			defaultConfigurationName = Release;
		};
		D6278D7314C05B6E00CD37A4 /* Build configuration list for PBXNativeTarget "Cloner" */ = {
			isa = XCConfigurationList;
			buildConfigurations = (
				D6278D7414C05B6E00CD37A4 /* Debug */,
				D6278D7514C05B6E00CD37A4 /* Release */,
			);
			defaultConfigurationIsVisible = 0;
			defaultConfigurationName = Release;
		};
/* End XCConfigurationList section */
	};
	rootObject = D6278D4C14C05B6E00CD37A4 /* Project object */;
}
